
Microsoft Visual Studio Solution File, Format Version 12.00
# Visual Studio Version 17
VisualStudioVersion = 17.7.34031.279
MinimumVisualStudioVersion = 10.0.40219.1
Project("{FAE04EC0-301F-11D3-BF4B-00C04F79EFBC}") = "dbQuery", "dbQuery\dbQuery.csproj", "{4CABA044-AC75-4099-AC73-40E50AD71162}"
EndProject
Global
	GlobalSection(SolutionConfigurationPlatforms) = preSolution
		Debug|Any CPU = Debug|Any CPU
		Release|Any CPU = Release|Any CPU
	EndGlobalSection
	GlobalSection(ProjectConfigurationPlatforms) = postSolution
		{4CABA044-AC75-4099-AC73-40E50AD71162}.Debug|Any CPU.ActiveCfg = Debug|Any CPU
		{4CABA044-AC75-4099-AC73-40E50AD71162}.Debug|Any CPU.Build.0 = Debug|Any CPU
		{4CABA044-AC75-4099-AC73-40E50AD71162}.Release|Any CPU.ActiveCfg = Release|Any CPU
		{4CABA044-AC75-4099-AC73-40E50AD71162}.Release|Any CPU.Build.0 = Release|Any CPU
	EndGlobalSection
	GlobalSection(SolutionProperties) = preSolution
		HideSolutionNode = FALSE
	EndGlobalSection
	GlobalSection(ExtensibilityGlobals) = postSolution
		SolutionGuid = {43AC7D0D-A0F5-458C-BE1E-EB21EE0D376B}
	EndGlobalSection
EndGlobal
